// !$*UTF8*$!
{
	archiveVersion = 1;
	classes = {
	};
	objectVersion = 46;
	objects = {

/* Begin PBXBuildFile section */
		806BC97D1FA7CBE2001CFCDF /* AppDelegate.swift in Sources */ = {isa = PBXBuildFile; fileRef = 806BC97C1FA7CBE2001CFCDF /* AppDelegate.swift */; };
		806BC97F1FA7CBE2001CFCDF /* ViewController.swift in Sources */ = {isa = PBXBuildFile; fileRef = 806BC97E1FA7CBE2001CFCDF /* ViewController.swift */; };
		806BC9821FA7CBE2001CFCDF /* Main.storyboard in Resources */ = {isa = PBXBuildFile; fileRef = 806BC9801FA7CBE2001CFCDF /* Main.storyboard */; };
		806BC9841FA7CBE2001CFCDF /* Assets.xcassets in Resources */ = {isa = PBXBuildFile; fileRef = 806BC9831FA7CBE2001CFCDF /* Assets.xcassets */; };
		806BC9871FA7CBE2001CFCDF /* LaunchScreen.storyboard in Resources */ = {isa = PBXBuildFile; fileRef = 806BC9851FA7CBE2001CFCDF /* LaunchScreen.storyboard */; };
		806BC9921FA7CBE2001CFCDF /* BlahAppTests.swift in Sources */ = {isa = PBXBuildFile; fileRef = 806BC9911FA7CBE2001CFCDF /* BlahAppTests.swift */; };
/* End PBXBuildFile section */

/* Begin PBXContainerItemProxy section */
		806BC98E1FA7CBE2001CFCDF /* PBXContainerItemProxy */ = {
			isa = PBXContainerItemProxy;
			containerPortal = 806BC9711FA7CBE2001CFCDF /* Project object */;
			proxyType = 1;
			remoteGlobalIDString = 806BC9781FA7CBE2001CFCDF;
			remoteInfo = BlahApp;
		};
/* End PBXContainerItemProxy section */

/* Begin PBXFileReference section */
		806BC9791FA7CBE2001CFCDF /* BlahApp.app */ = {isa = PBXFileReference; explicitFileType = wrapper.application; includeInIndex = 0; path = BlahApp.app; sourceTree = BUILT_PRODUCTS_DIR; };
		806BC97C1FA7CBE2001CFCDF /* AppDelegate.swift */ = {isa = PBXFileReference; lastKnownFileType = sourcecode.swift; path = AppDelegate.swift; sourceTree = "<group>"; };
		806BC97E1FA7CBE2001CFCDF /* ViewController.swift */ = {isa = PBXFileReference; lastKnownFileType = sourcecode.swift; path = ViewController.swift; sourceTree = "<group>"; };
		806BC9811FA7CBE2001CFCDF /* Base */ = {isa = PBXFileReference; lastKnownFileType = file.storyboard; name = Base; path = Base.lproj/Main.storyboard; sourceTree = "<group>"; };
		806BC9831FA7CBE2001CFCDF /* Assets.xcassets */ = {isa = PBXFileReference; lastKnownFileType = folder.assetcatalog; path = Assets.xcassets; sourceTree = "<group>"; };
		806BC9861FA7CBE2001CFCDF /* Base */ = {isa = PBXFileReference; lastKnownFileType = file.storyboard; name = Base; path = Base.lproj/LaunchScreen.storyboard; sourceTree = "<group>"; };
		806BC9881FA7CBE2001CFCDF /* Info.plist */ = {isa = PBXFileReference; lastKnownFileType = text.plist.xml; path = Info.plist; sourceTree = "<group>"; };
		806BC98D1FA7CBE2001CFCDF /* BlahAppTests.xctest */ = {isa = PBXFileReference; explicitFileType = wrapper.cfbundle; includeInIndex = 0; path = BlahAppTests.xctest; sourceTree = BUILT_PRODUCTS_DIR; };
		806BC9911FA7CBE2001CFCDF /* BlahAppTests.swift */ = {isa = PBXFileReference; lastKnownFileType = sourcecode.swift; path = BlahAppTests.swift; sourceTree = "<group>"; };
		806BC9931FA7CBE2001CFCDF /* Info.plist */ = {isa = PBXFileReference; lastKnownFileType = text.plist.xml; path = Info.plist; sourceTree = "<group>"; };
/* End PBXFileReference section */

/* Begin PBXFrameworksBuildPhase section */
		806BC9761FA7CBE2001CFCDF /* Frameworks */ = {
			isa = PBXFrameworksBuildPhase;
			buildActionMask = 2147483647;
			files = (
			);
			runOnlyForDeploymentPostprocessing = 0;
		};
		806BC98A1FA7CBE2001CFCDF /* Frameworks */ = {
			isa = PBXFrameworksBuildPhase;
			buildActionMask = 2147483647;
			files = (
			);
			runOnlyForDeploymentPostprocessing = 0;
		};
/* End PBXFrameworksBuildPhase section */

/* Begin PBXGroup section */
		806BC9701FA7CBE2001CFCDF = {
			isa = PBXGroup;
			children = (
				806BC97B1FA7CBE2001CFCDF /* BlahApp */,
				806BC9901FA7CBE2001CFCDF /* BlahAppTests */,
				806BC97A1FA7CBE2001CFCDF /* Products */,
			);
			sourceTree = "<group>";
		};
		806BC97A1FA7CBE2001CFCDF /* Products */ = {
			isa = PBXGroup;
			children = (
				806BC9791FA7CBE2001CFCDF /* BlahApp.app */,
				806BC98D1FA7CBE2001CFCDF /* BlahAppTests.xctest */,
			);
			name = Products;
			sourceTree = "<group>";
		};
		806BC97B1FA7CBE2001CFCDF /* BlahApp */ = {
			isa = PBXGroup;
			children = (
				806BC97C1FA7CBE2001CFCDF /* AppDelegate.swift */,
				806BC97E1FA7CBE2001CFCDF /* ViewController.swift */,
				806BC9801FA7CBE2001CFCDF /* Main.storyboard */,
				806BC9831FA7CBE2001CFCDF /* Assets.xcassets */,
				806BC9851FA7CBE2001CFCDF /* LaunchScreen.storyboard */,
				806BC9881FA7CBE2001CFCDF /* Info.plist */,
			);
			path = BlahApp;
			sourceTree = "<group>";
		};
		806BC9901FA7CBE2001CFCDF /* BlahAppTests */ = {
			isa = PBXGroup;
			children = (
				806BC9911FA7CBE2001CFCDF /* BlahAppTests.swift */,
				806BC9931FA7CBE2001CFCDF /* Info.plist */,
			);
			path = BlahAppTests;
			sourceTree = "<group>";
		};
/* End PBXGroup section */

/* Begin PBXNativeTarget section */
		806BC9781FA7CBE2001CFCDF /* BlahApp */ = {
			isa = PBXNativeTarget;
			buildConfigurationList = 806BC9961FA7CBE2001CFCDF /* Build configuration list for PBXNativeTarget "BlahApp" */;
			buildPhases = (
				806BC9751FA7CBE2001CFCDF /* Sources */,
				806BC9761FA7CBE2001CFCDF /* Frameworks */,
				806BC9771FA7CBE2001CFCDF /* Resources */,
			);
			buildRules = (
			);
			dependencies = (
			);
			name = BlahApp;
			productName = BlahApp;
			productReference = 806BC9791FA7CBE2001CFCDF /* BlahApp.app */;
			productType = "com.apple.product-type.application";
		};
		806BC98C1FA7CBE2001CFCDF /* BlahAppTests */ = {
			isa = PBXNativeTarget;
			buildConfigurationList = 806BC9991FA7CBE2001CFCDF /* Build configuration list for PBXNativeTarget "BlahAppTests" */;
			buildPhases = (
				806BC9891FA7CBE2001CFCDF /* Sources */,
				806BC98A1FA7CBE2001CFCDF /* Frameworks */,
				806BC98B1FA7CBE2001CFCDF /* Resources */,
			);
			buildRules = (
			);
			dependencies = (
				806BC98F1FA7CBE2001CFCDF /* PBXTargetDependency */,
			);
			name = BlahAppTests;
			productName = BlahAppTests;
			productReference = 806BC98D1FA7CBE2001CFCDF /* BlahAppTests.xctest */;
			productType = "com.apple.product-type.bundle.unit-test";
		};
/* End PBXNativeTarget section */

/* Begin PBXProject section */
		806BC9711FA7CBE2001CFCDF /* Project object */ = {
			isa = PBXProject;
			attributes = {
				LastSwiftUpdateCheck = 0820;
				LastUpgradeCheck = 0820;
				ORGANIZATIONNAME = "Vaughn, Felton";
				TargetAttributes = {
					806BC9781FA7CBE2001CFCDF = {
						CreatedOnToolsVersion = 8.2;
						ProvisioningStyle = Automatic;
					};
					806BC98C1FA7CBE2001CFCDF = {
						CreatedOnToolsVersion = 8.2;
						ProvisioningStyle = Automatic;
						TestTargetID = 806BC9781FA7CBE2001CFCDF;
					};
				};
			};
			buildConfigurationList = 806BC9741FA7CBE2001CFCDF /* Build configuration list for PBXProject "BlahApp" */;
			compatibilityVersion = "Xcode 3.2";
			developmentRegion = English;
			hasScannedForEncodings = 0;
			knownRegions = (
				en,
				Base,
			);
			mainGroup = 806BC9701FA7CBE2001CFCDF;
			productRefGroup = 806BC97A1FA7CBE2001CFCDF /* Products */;
			projectDirPath = "";
			projectRoot = "";
			targets = (
				806BC9781FA7CBE2001CFCDF /* BlahApp */,
				806BC98C1FA7CBE2001CFCDF /* BlahAppTests */,
			);
		};
/* End PBXProject section */

/* Begin PBXResourcesBuildPhase section */
		806BC9771FA7CBE2001CFCDF /* Resources */ = {
			isa = PBXResourcesBuildPhase;
			buildActionMask = 2147483647;
			files = (
				806BC9871FA7CBE2001CFCDF /* LaunchScreen.storyboard in Resources */,
				806BC9841FA7CBE2001CFCDF /* Assets.xcassets in Resources */,
				806BC9821FA7CBE2001CFCDF /* Main.storyboard in Resources */,
			);
			runOnlyForDeploymentPostprocessing = 0;
		};
		806BC98B1FA7CBE2001CFCDF /* Resources */ = {
			isa = PBXResourcesBuildPhase;
			buildActionMask = 2147483647;
			files = (
			);
			runOnlyForDeploymentPostprocessing = 0;
		};
/* End PBXResourcesBuildPhase section */

/* Begin PBXSourcesBuildPhase section */
		806BC9751FA7CBE2001CFCDF /* Sources */ = {
			isa = PBXSourcesBuildPhase;
			buildActionMask = 2147483647;
			files = (
				806BC97F1FA7CBE2001CFCDF /* ViewController.swift in Sources */,
				806BC97D1FA7CBE2001CFCDF /* AppDelegate.swift in Sources */,
			);
			runOnlyForDeploymentPostprocessing = 0;
		};
		806BC9891FA7CBE2001CFCDF /* Sources */ = {
			isa = PBXSourcesBuildPhase;
			buildActionMask = 2147483647;
			files = (
				806BC9921FA7CBE2001CFCDF /* BlahAppTests.swift in Sources */,
			);
			runOnlyForDeploymentPostprocessing = 0;
		};
/* End PBXSourcesBuildPhase section */

/* Begin PBXTargetDependency section */
		806BC98F1FA7CBE2001CFCDF /* PBXTargetDependency */ = {
			isa = PBXTargetDependency;
			target = 806BC9781FA7CBE2001CFCDF /* BlahApp */;
			targetProxy = 806BC98E1FA7CBE2001CFCDF /* PBXContainerItemProxy */;
		};
/* End PBXTargetDependency section */

/* Begin PBXVariantGroup section */
		806BC9801FA7CBE2001CFCDF /* Main.storyboard */ = {
			isa = PBXVariantGroup;
			children = (
				806BC9811FA7CBE2001CFCDF /* Base */,
			);
			name = Main.storyboard;
			sourceTree = "<group>";
		};
		806BC9851FA7CBE2001CFCDF /* LaunchScreen.storyboard */ = {
			isa = PBXVariantGroup;
			children = (
				806BC9861FA7CBE2001CFCDF /* Base */,
			);
			name = LaunchScreen.storyboard;
			sourceTree = "<group>";
		};
/* End PBXVariantGroup section */

/* Begin XCBuildConfiguration section */
		806BC9941FA7CBE2001CFCDF /* Debug */ = {
			isa = XCBuildConfiguration;
			buildSettings = {
				ALWAYS_SEARCH_USER_PATHS = NO;
				CLANG_ANALYZER_NONNULL = YES;
				CLANG_CXX_LANGUAGE_STANDARD = "gnu++0x";
				CLANG_CXX_LIBRARY = "libc++";
				CLANG_ENABLE_MODULES = YES;
				CLANG_ENABLE_OBJC_ARC = YES;
				CLANG_WARN_BOOL_CONVERSION = YES;
				CLANG_WARN_CONSTANT_CONVERSION = YES;
				CLANG_WARN_DIRECT_OBJC_ISA_USAGE = YES_ERROR;
				CLANG_WARN_DOCUMENTATION_COMMENTS = YES;
				CLANG_WARN_EMPTY_BODY = YES;
				CLANG_WARN_ENUM_CONVERSION = YES;
				CLANG_WARN_INFINITE_RECURSION = YES;
				CLANG_WARN_INT_CONVERSION = YES;
				CLANG_WARN_OBJC_ROOT_CLASS = YES_ERROR;
				CLANG_WARN_SUSPICIOUS_MOVE = YES;
				CLANG_WARN_UNREACHABLE_CODE = YES;
				CLANG_WARN__DUPLICATE_METHOD_MATCH = YES;
				"CODE_SIGN_IDENTITY[sdk=iphoneos*]" = "iPhone Developer";
				COPY_PHASE_STRIP = NO;
				DEBUG_INFORMATION_FORMAT = dwarf;
				ENABLE_STRICT_OBJC_MSGSEND = YES;
				ENABLE_TESTABILITY = YES;
				GCC_C_LANGUAGE_STANDARD = gnu99;
				GCC_DYNAMIC_NO_PIC = NO;
				GCC_NO_COMMON_BLOCKS = YES;
				GCC_OPTIMIZATION_LEVEL = 0;
				GCC_PREPROCESSOR_DEFINITIONS = (
					"DEBUG=1",
					"$(inherited)",
				);
				GCC_WARN_64_TO_32_BIT_CONVERSION = YES;
				GCC_WARN_ABOUT_RETURN_TYPE = YES_ERROR;
				GCC_WARN_UNDECLARED_SELECTOR = YES;
				GCC_WARN_UNINITIALIZED_AUTOS = YES_AGGRESSIVE;
				GCC_WARN_UNUSED_FUNCTION = YES;
				GCC_WARN_UNUSED_VARIABLE = YES;
				IPHONEOS_DEPLOYMENT_TARGET = 10.2;
				MTL_ENABLE_DEBUG_INFO = YES;
				ONLY_ACTIVE_ARCH = YES;
				SDKROOT = iphoneos;
				SWIFT_ACTIVE_COMPILATION_CONDITIONS = DEBUG;
				SWIFT_OPTIMIZATION_LEVEL = "-Onone";
				TARGETED_DEVICE_FAMILY = "1,2";
			};
			name = Debug;
		};
		806BC9951FA7CBE2001CFCDF /* Release */ = {
			isa = XCBuildConfiguration;
			buildSettings = {
				ALWAYS_SEARCH_USER_PATHS = NO;
				CLANG_ANALYZER_NONNULL = YES;
				CLANG_CXX_LANGUAGE_STANDARD = "gnu++0x";
				CLANG_CXX_LIBRARY = "libc++";
				CLANG_ENABLE_MODULES = YES;
				CLANG_ENABLE_OBJC_ARC = YES;
				CLANG_WARN_BOOL_CONVERSION = YES;
				CLANG_WARN_CONSTANT_CONVERSION = YES;
				CLANG_WARN_DIRECT_OBJC_ISA_USAGE = YES_ERROR;
				CLANG_WARN_DOCUMENTATION_COMMENTS = YES;
				CLANG_WARN_EMPTY_BODY = YES;
				CLANG_WARN_ENUM_CONVERSION = YES;
				CLANG_WARN_INFINITE_RECURSION = YES;
				CLANG_WARN_INT_CONVERSION = YES;
				CLANG_WARN_OBJC_ROOT_CLASS = YES_ERROR;
				CLANG_WARN_SUSPICIOUS_MOVE = YES;
				CLANG_WARN_UNREACHABLE_CODE = YES;
				CLANG_WARN__DUPLICATE_METHOD_MATCH = YES;
				"CODE_SIGN_IDENTITY[sdk=iphoneos*]" = "iPhone Developer";
				COPY_PHASE_STRIP = NO;
				DEBUG_INFORMATION_FORMAT = "dwarf-with-dsym";
				ENABLE_NS_ASSERTIONS = NO;
				ENABLE_STRICT_OBJC_MSGSEND = YES;
				GCC_C_LANGUAGE_STANDARD = gnu99;
				GCC_NO_COMMON_BLOCKS = YES;
				GCC_WARN_64_TO_32_BIT_CONVERSION = YES;
				GCC_WARN_ABOUT_RETURN_TYPE = YES_ERROR;
				GCC_WARN_UNDECLARED_SELECTOR = YES;
				GCC_WARN_UNINITIALIZED_AUTOS = YES_AGGRESSIVE;
				GCC_WARN_UNUSED_FUNCTION = YES;
				GCC_WARN_UNUSED_VARIABLE = YES;
				IPHONEOS_DEPLOYMENT_TARGET = 10.2;
				MTL_ENABLE_DEBUG_INFO = NO;
				SDKROOT = iphoneos;
				SWIFT_OPTIMIZATION_LEVEL = "-Owholemodule";
				TARGETED_DEVICE_FAMILY = "1,2";
				VALIDATE_PRODUCT = YES;
			};
			name = Release;
		};
		806BC9971FA7CBE2001CFCDF /* Debug */ = {
			isa = XCBuildConfiguration;
			buildSettings = {
				ASSETCATALOG_COMPILER_APPICON_NAME = AppIcon;
				INFOPLIST_FILE = BlahApp/Info.plist;
				LD_RUNPATH_SEARCH_PATHS = "$(inherited) @executable_path/Frameworks";
				PRODUCT_BUNDLE_IDENTIFIER = com.blah.BlahApp;
				PRODUCT_NAME = "$(TARGET_NAME)";
				SWIFT_VERSION = 3.0;
			};
			name = Debug;
		};
		806BC9981FA7CBE2001CFCDF /* Release */ = {
			isa = XCBuildConfiguration;
			buildSettings = {
				ASSETCATALOG_COMPILER_APPICON_NAME = AppIcon;
				INFOPLIST_FILE = BlahApp/Info.plist;
				LD_RUNPATH_SEARCH_PATHS = "$(inherited) @executable_path/Frameworks";
				PRODUCT_BUNDLE_IDENTIFIER = com.blah.BlahApp;
				PRODUCT_NAME = "$(TARGET_NAME)";
				SWIFT_VERSION = 3.0;
			};
			name = Release;
		};
		806BC99A1FA7CBE2001CFCDF /* Debug */ = {
			isa = XCBuildConfiguration;
			buildSettings = {
				ALWAYS_EMBED_SWIFT_STANDARD_LIBRARIES = YES;
				BUNDLE_LOADER = "$(TEST_HOST)";
				INFOPLIST_FILE = BlahAppTests/Info.plist;
				LD_RUNPATH_SEARCH_PATHS = "$(inherited) @executable_path/Frameworks @loader_path/Frameworks";
				PRODUCT_BUNDLE_IDENTIFIER = com.blah.BlahAppTests;
				PRODUCT_NAME = "$(TARGET_NAME)";
				SWIFT_VERSION = 3.0;
				TEST_HOST = "$(BUILT_PRODUCTS_DIR)/BlahApp.app/BlahApp";
			};
			name = Debug;
		};
		806BC99B1FA7CBE2001CFCDF /* Release */ = {
			isa = XCBuildConfiguration;
			buildSettings = {
				ALWAYS_EMBED_SWIFT_STANDARD_LIBRARIES = YES;
				BUNDLE_LOADER = "$(TEST_HOST)";
				INFOPLIST_FILE = BlahAppTests/Info.plist;
				LD_RUNPATH_SEARCH_PATHS = "$(inherited) @executable_path/Frameworks @loader_path/Frameworks";
				PRODUCT_BUNDLE_IDENTIFIER = com.blah.BlahAppTests;
				PRODUCT_NAME = "$(TARGET_NAME)";
				SWIFT_VERSION = 3.0;
				TEST_HOST = "$(BUILT_PRODUCTS_DIR)/BlahApp.app/BlahApp";
			};
			name = Release;
		};
/* End XCBuildConfiguration section */

/* Begin XCConfigurationList section */
		806BC9741FA7CBE2001CFCDF /* Build configuration list for PBXProject "BlahApp" */ = {
			isa = XCConfigurationList;
			buildConfigurations = (
				806BC9941FA7CBE2001CFCDF /* Debug */,
				806BC9951FA7CBE2001CFCDF /* Release */,
			);
			defaultConfigurationIsVisible = 0;
			defaultConfigurationName = Release;
		};
		806BC9961FA7CBE2001CFCDF /* Build configuration list for PBXNativeTarget "BlahApp" */ = {
			isa = XCConfigurationList;
			buildConfigurations = (
				806BC9971FA7CBE2001CFCDF /* Debug */,
				806BC9981FA7CBE2001CFCDF /* Release */,
			);
			defaultConfigurationIsVisible = 0;
		};
		806BC9991FA7CBE2001CFCDF /* Build configuration list for PBXNativeTarget "BlahAppTests" */ = {
			isa = XCConfigurationList;
			buildConfigurations = (
				806BC99A1FA7CBE2001CFCDF /* Debug */,
				806BC99B1FA7CBE2001CFCDF /* Release */,
			);
			defaultConfigurationIsVisible = 0;
		};
/* End XCConfigurationList section */
	};
	rootObject = 806BC9711FA7CBE2001CFCDF /* Project object */;
}
